
Microsoft Visual Studio Solution File, Format Version 12.00
# Visual Studio Version 17
VisualStudioVersion = 17.7.34024.191
MinimumVisualStudioVersion = 10.0.40219.1
Project("{FAE04EC0-301F-11D3-BF4B-00C04F79EFBC}") = "Laba9", "Laba9\Laba9.csproj", "{450FC5D9-9906-4870-8128-A5ED76A667AB}"
EndProject
Project("{FAE04EC0-301F-11D3-BF4B-00C04F79EFBC}") = "UnitTest1", "UnitTest1\UnitTest1.csproj", "{16F6EDB4-9120-4D44-83BD-688EF631F80D}"
EndProject
Global
	GlobalSection(SolutionConfigurationPlatforms) = preSolution
		Debug|Any CPU = Debug|Any CPU
		Release|Any CPU = Release|Any CPU
	EndGlobalSection
	GlobalSection(ProjectConfigurationPlatforms) = postSolution
		{450FC5D9-9906-4870-8128-A5ED76A667AB}.Debug|Any CPU.ActiveCfg = Debug|Any CPU
		{450FC5D9-9906-4870-8128-A5ED76A667AB}.Debug|Any CPU.Build.0 = Debug|Any CPU
		{450FC5D9-9906-4870-8128-A5ED76A667AB}.Release|Any CPU.ActiveCfg = Release|Any CPU
		{450FC5D9-9906-4870-8128-A5ED76A667AB}.Release|Any CPU.Build.0 = Release|Any CPU
		{16F6EDB4-9120-4D44-83BD-688EF631F80D}.Debug|Any CPU.ActiveCfg = Debug|Any CPU
		{16F6EDB4-9120-4D44-83BD-688EF631F80D}.Debug|Any CPU.Build.0 = Debug|Any CPU
		{16F6EDB4-9120-4D44-83BD-688EF631F80D}.Release|Any CPU.ActiveCfg = Release|Any CPU
		{16F6EDB4-9120-4D44-83BD-688EF631F80D}.Release|Any CPU.Build.0 = Release|Any CPU
	EndGlobalSection
	GlobalSection(SolutionProperties) = preSolution
		HideSolutionNode = FALSE
	EndGlobalSection
	GlobalSection(ExtensibilityGlobals) = postSolution
		SolutionGuid = {F9E1D61F-4C38-4C81-A111-9CBC8A1E57AC}
	EndGlobalSection
EndGlobal
